// !$*UTF8*$!
{
	archiveVersion = 1;
	classes = {
	};
	objectVersion = 51;
	objects = {

/* Begin PBXBuildFile section */
		15E1F7BA43BBE82F7BBAB78A /* Pods_Doit.framework in Frameworks */ = {isa = PBXBuildFile; fileRef = 01DE49D2814DE45FADA37050 /* Pods_Doit.framework */; };
		5907F7FA232D5DDA0085877A /* Credentials.swift in Sources */ = {isa = PBXBuildFile; fileRef = 5907F7F9232D5DDA0085877A /* Credentials.swift */; };
		594A35A2232AB33B001B0DBD /* AppDelegate.swift in Sources */ = {isa = PBXBuildFile; fileRef = 594A35A1232AB33B001B0DBD /* AppDelegate.swift */; };
		594A35A7232AB33B001B0DBD /* TaskList.storyboard in Resources */ = {isa = PBXBuildFile; fileRef = 594A35A5232AB33B001B0DBD /* TaskList.storyboard */; };
		594A35A9232AB33C001B0DBD /* Assets.xcassets in Resources */ = {isa = PBXBuildFile; fileRef = 594A35A8232AB33C001B0DBD /* Assets.xcassets */; };
		594A35AC232AB33C001B0DBD /* LaunchScreen.storyboard in Resources */ = {isa = PBXBuildFile; fileRef = 594A35AA232AB33C001B0DBD /* LaunchScreen.storyboard */; };
		594A35B5232AB419001B0DBD /* TaskListViewController.swift in Sources */ = {isa = PBXBuildFile; fileRef = 594A35B4232AB419001B0DBD /* TaskListViewController.swift */; };
		594A35BB232AB514001B0DBD /* TaskTableViewCell.swift in Sources */ = {isa = PBXBuildFile; fileRef = 594A35BA232AB514001B0DBD /* TaskTableViewCell.swift */; };
		594A35BE232AB6F8001B0DBD /* APIManager.swift in Sources */ = {isa = PBXBuildFile; fileRef = 594A35BD232AB6F8001B0DBD /* APIManager.swift */; };
		594A35C1232AB72E001B0DBD /* TaskModel.swift in Sources */ = {isa = PBXBuildFile; fileRef = 594A35C0232AB72E001B0DBD /* TaskModel.swift */; };
		594A35C8232AB8BE001B0DBD /* Collection.swift in Sources */ = {isa = PBXBuildFile; fileRef = 594A35C7232AB8BE001B0DBD /* Collection.swift */; };
		594A35CD232AC6D7001B0DBD /* TaskListModel.swift in Sources */ = {isa = PBXBuildFile; fileRef = 594A35CC232AC6D7001B0DBD /* TaskListModel.swift */; };
		594A35D1232AD185001B0DBD /* AuthorizationViewController.swift in Sources */ = {isa = PBXBuildFile; fileRef = 594A35D0232AD185001B0DBD /* AuthorizationViewController.swift */; };
		594A35D3232AD1AC001B0DBD /* Authorization.storyboard in Resources */ = {isa = PBXBuildFile; fileRef = 594A35D2232AD1AC001B0DBD /* Authorization.storyboard */; };
		595992CC232D3CE70023F75D /* Router.swift in Sources */ = {isa = PBXBuildFile; fileRef = 595992CB232D3CE70023F75D /* Router.swift */; };
		595992CE232D42ED0023F75D /* Encodable.swift in Sources */ = {isa = PBXBuildFile; fileRef = 595992CD232D42ED0023F75D /* Encodable.swift */; };
		5992FFF1232D1A7400E807DE /* String.swift in Sources */ = {isa = PBXBuildFile; fileRef = 5992FFF0232D1A7400E807DE /* String.swift */; };
		59C0A277232DA3B3009251AC /* DetailTaskViewController.swift in Sources */ = {isa = PBXBuildFile; fileRef = 59C0A276232DA3B3009251AC /* DetailTaskViewController.swift */; };
		59C0A279232DA3D7009251AC /* DetailTask.storyboard in Resources */ = {isa = PBXBuildFile; fileRef = 59C0A278232DA3D7009251AC /* DetailTask.storyboard */; };
		59CAECAB232DEEFE0083527B /* EditTaskViewController.swift in Sources */ = {isa = PBXBuildFile; fileRef = 59CAECAA232DEEFE0083527B /* EditTaskViewController.swift */; };
/* End PBXBuildFile section */

/* Begin PBXFileReference section */
		01DE49D2814DE45FADA37050 /* Pods_Doit.framework */ = {isa = PBXFileReference; explicitFileType = wrapper.framework; includeInIndex = 0; path = Pods_Doit.framework; sourceTree = BUILT_PRODUCTS_DIR; };
		23F4CC3A892F55A83830EBCE /* Pods-Doit.release.xcconfig */ = {isa = PBXFileReference; includeInIndex = 1; lastKnownFileType = text.xcconfig; name = "Pods-Doit.release.xcconfig"; path = "Target Support Files/Pods-Doit/Pods-Doit.release.xcconfig"; sourceTree = "<group>"; };
		5907F7F9232D5DDA0085877A /* Credentials.swift */ = {isa = PBXFileReference; lastKnownFileType = sourcecode.swift; path = Credentials.swift; sourceTree = "<group>"; };
		594A359E232AB33B001B0DBD /* Doit.app */ = {isa = PBXFileReference; explicitFileType = wrapper.application; includeInIndex = 0; path = Doit.app; sourceTree = BUILT_PRODUCTS_DIR; };
		594A35A1232AB33B001B0DBD /* AppDelegate.swift */ = {isa = PBXFileReference; lastKnownFileType = sourcecode.swift; path = AppDelegate.swift; sourceTree = "<group>"; };
		594A35A6232AB33B001B0DBD /* Base */ = {isa = PBXFileReference; lastKnownFileType = file.storyboard; name = Base; path = Base.lproj/TaskList.storyboard; sourceTree = "<group>"; };
		594A35A8232AB33C001B0DBD /* Assets.xcassets */ = {isa = PBXFileReference; lastKnownFileType = folder.assetcatalog; path = Assets.xcassets; sourceTree = "<group>"; };
		594A35AB232AB33C001B0DBD /* Base */ = {isa = PBXFileReference; lastKnownFileType = file.storyboard; name = Base; path = Base.lproj/LaunchScreen.storyboard; sourceTree = "<group>"; };
		594A35AD232AB33C001B0DBD /* Info.plist */ = {isa = PBXFileReference; lastKnownFileType = text.plist.xml; path = Info.plist; sourceTree = "<group>"; };
		594A35B4232AB419001B0DBD /* TaskListViewController.swift */ = {isa = PBXFileReference; lastKnownFileType = sourcecode.swift; path = TaskListViewController.swift; sourceTree = "<group>"; };
		594A35BA232AB514001B0DBD /* TaskTableViewCell.swift */ = {isa = PBXFileReference; lastKnownFileType = sourcecode.swift; path = TaskTableViewCell.swift; sourceTree = "<group>"; };
		594A35BD232AB6F8001B0DBD /* APIManager.swift */ = {isa = PBXFileReference; fileEncoding = 4; lastKnownFileType = sourcecode.swift; path = APIManager.swift; sourceTree = "<group>"; };
		594A35C0232AB72E001B0DBD /* TaskModel.swift */ = {isa = PBXFileReference; lastKnownFileType = sourcecode.swift; path = TaskModel.swift; sourceTree = "<group>"; };
		594A35C7232AB8BE001B0DBD /* Collection.swift */ = {isa = PBXFileReference; lastKnownFileType = sourcecode.swift; path = Collection.swift; sourceTree = "<group>"; };
		594A35CC232AC6D7001B0DBD /* TaskListModel.swift */ = {isa = PBXFileReference; lastKnownFileType = sourcecode.swift; path = TaskListModel.swift; sourceTree = "<group>"; };
		594A35D0232AD185001B0DBD /* AuthorizationViewController.swift */ = {isa = PBXFileReference; lastKnownFileType = sourcecode.swift; path = AuthorizationViewController.swift; sourceTree = "<group>"; };
		594A35D2232AD1AC001B0DBD /* Authorization.storyboard */ = {isa = PBXFileReference; lastKnownFileType = file.storyboard; path = Authorization.storyboard; sourceTree = "<group>"; };
		595992CB232D3CE70023F75D /* Router.swift */ = {isa = PBXFileReference; lastKnownFileType = sourcecode.swift; path = Router.swift; sourceTree = "<group>"; };
		595992CD232D42ED0023F75D /* Encodable.swift */ = {isa = PBXFileReference; lastKnownFileType = sourcecode.swift; path = Encodable.swift; sourceTree = "<group>"; };
		5992FFF0232D1A7400E807DE /* String.swift */ = {isa = PBXFileReference; lastKnownFileType = sourcecode.swift; path = String.swift; sourceTree = "<group>"; };
		59C0A276232DA3B3009251AC /* DetailTaskViewController.swift */ = {isa = PBXFileReference; lastKnownFileType = sourcecode.swift; path = DetailTaskViewController.swift; sourceTree = "<group>"; };
		59C0A278232DA3D7009251AC /* DetailTask.storyboard */ = {isa = PBXFileReference; lastKnownFileType = file.storyboard; path = DetailTask.storyboard; sourceTree = "<group>"; };
		59CAECAA232DEEFE0083527B /* EditTaskViewController.swift */ = {isa = PBXFileReference; lastKnownFileType = sourcecode.swift; path = EditTaskViewController.swift; sourceTree = "<group>"; };
		916CA7672281B0BD3B3BDBF2 /* Pods-Doit.debug.xcconfig */ = {isa = PBXFileReference; includeInIndex = 1; lastKnownFileType = text.xcconfig; name = "Pods-Doit.debug.xcconfig"; path = "Target Support Files/Pods-Doit/Pods-Doit.debug.xcconfig"; sourceTree = "<group>"; };
/* End PBXFileReference section */

/* Begin PBXFrameworksBuildPhase section */
		594A359B232AB33A001B0DBD /* Frameworks */ = {
			isa = PBXFrameworksBuildPhase;
			buildActionMask = 2147483647;
			files = (
				15E1F7BA43BBE82F7BBAB78A /* Pods_Doit.framework in Frameworks */,
			);
			runOnlyForDeploymentPostprocessing = 0;
		};
/* End PBXFrameworksBuildPhase section */

/* Begin PBXGroup section */
		2E1B20A456DA5313CE93B62C /* Pods */ = {
			isa = PBXGroup;
			children = (
				916CA7672281B0BD3B3BDBF2 /* Pods-Doit.debug.xcconfig */,
				23F4CC3A892F55A83830EBCE /* Pods-Doit.release.xcconfig */,
			);
			path = Pods;
			sourceTree = "<group>";
		};
		594A3595232AB33A001B0DBD = {
			isa = PBXGroup;
			children = (
				594A35A0232AB33B001B0DBD /* Doit */,
				594A359F232AB33B001B0DBD /* Products */,
				2E1B20A456DA5313CE93B62C /* Pods */,
				B15E2F13B10AA0F92F1261E0 /* Frameworks */,
			);
			sourceTree = "<group>";
		};
		594A359F232AB33B001B0DBD /* Products */ = {
			isa = PBXGroup;
			children = (
				594A359E232AB33B001B0DBD /* Doit.app */,
			);
			name = Products;
			sourceTree = "<group>";
		};
		594A35A0232AB33B001B0DBD /* Doit */ = {
			isa = PBXGroup;
			children = (
				595992CA232D3CDB0023F75D /* Services */,
				594A35CF232AD133001B0DBD /* Authorization */,
				59C0A271232D9466009251AC /* Detail Task */,
				594A35B6232AB4E1001B0DBD /* Task List */,
				594A35B3232AB367001B0DBD /* Supporting Files */,
			);
			path = Doit;
			sourceTree = "<group>";
		};
		594A35B3232AB367001B0DBD /* Supporting Files */ = {
			isa = PBXGroup;
			children = (
				5907F7F9232D5DDA0085877A /* Credentials.swift */,
				594A35C2232AB777001B0DBD /* Extensions */,
				594A35A1232AB33B001B0DBD /* AppDelegate.swift */,
				594A35A8232AB33C001B0DBD /* Assets.xcassets */,
				594A35AA232AB33C001B0DBD /* LaunchScreen.storyboard */,
				594A35AD232AB33C001B0DBD /* Info.plist */,
			);
			path = "Supporting Files";
			sourceTree = "<group>";
		};
		594A35B6232AB4E1001B0DBD /* Task List */ = {
			isa = PBXGroup;
			children = (
				594A35B4232AB419001B0DBD /* TaskListViewController.swift */,
				594A35A5232AB33B001B0DBD /* TaskList.storyboard */,
				594A35BA232AB514001B0DBD /* TaskTableViewCell.swift */,
			);
			path = "Task List";
			sourceTree = "<group>";
		};
		594A35BC232AB6BC001B0DBD /* API Manager */ = {
			isa = PBXGroup;
			children = (
				594A35BD232AB6F8001B0DBD /* APIManager.swift */,
			);
			path = "API Manager";
			sourceTree = "<group>";
		};
		594A35BF232AB71B001B0DBD /* API Models */ = {
			isa = PBXGroup;
			children = (
				594A35C0232AB72E001B0DBD /* TaskModel.swift */,
				594A35CC232AC6D7001B0DBD /* TaskListModel.swift */,
			);
			path = "API Models";
			sourceTree = "<group>";
		};
		594A35C2232AB777001B0DBD /* Extensions */ = {
			isa = PBXGroup;
			children = (
				594A35C7232AB8BE001B0DBD /* Collection.swift */,
				5992FFF0232D1A7400E807DE /* String.swift */,
				595992CD232D42ED0023F75D /* Encodable.swift */,
			);
			path = Extensions;
			sourceTree = "<group>";
		};
		594A35CF232AD133001B0DBD /* Authorization */ = {
			isa = PBXGroup;
			children = (
				594A35D0232AD185001B0DBD /* AuthorizationViewController.swift */,
				594A35D2232AD1AC001B0DBD /* Authorization.storyboard */,
			);
			path = Authorization;
			sourceTree = "<group>";
		};
		595992CA232D3CDB0023F75D /* Services */ = {
			isa = PBXGroup;
			children = (
				598D5A902331777700F6A492 /* Router */,
				594A35BC232AB6BC001B0DBD /* API Manager */,
				594A35BF232AB71B001B0DBD /* API Models */,
			);
			path = Services;
			sourceTree = "<group>";
		};
		598D5A902331777700F6A492 /* Router */ = {
			isa = PBXGroup;
			children = (
				595992CB232D3CE70023F75D /* Router.swift */,
			);
			path = Router;
			sourceTree = "<group>";
		};
		59C0A271232D9466009251AC /* Detail Task */ = {
			isa = PBXGroup;
			children = (
				59C0A276232DA3B3009251AC /* DetailTaskViewController.swift */,
				59C0A278232DA3D7009251AC /* DetailTask.storyboard */,
				59CAECAA232DEEFE0083527B /* EditTaskViewController.swift */,
			);
			path = "Detail Task";
			sourceTree = "<group>";
		};
		B15E2F13B10AA0F92F1261E0 /* Frameworks */ = {
			isa = PBXGroup;
			children = (
				01DE49D2814DE45FADA37050 /* Pods_Doit.framework */,
			);
			name = Frameworks;
			sourceTree = "<group>";
		};
/* End PBXGroup section */

/* Begin PBXNativeTarget section */
		594A359D232AB33A001B0DBD /* Doit */ = {
			isa = PBXNativeTarget;
			buildConfigurationList = 594A35B0232AB33C001B0DBD /* Build configuration list for PBXNativeTarget "Doit" */;
			buildPhases = (
				E49E0F24D1A3C437F7A7A025 /* [CP] Check Pods Manifest.lock */,
				594A359A232AB33A001B0DBD /* Sources */,
				594A359B232AB33A001B0DBD /* Frameworks */,
				594A359C232AB33A001B0DBD /* Resources */,
				105D9045E141906E99E0E39F /* [CP] Embed Pods Frameworks */,
			);
			buildRules = (
			);
			dependencies = (
			);
			name = Doit;
			productName = Doit;
			productReference = 594A359E232AB33B001B0DBD /* Doit.app */;
			productType = "com.apple.product-type.application";
		};
/* End PBXNativeTarget section */

/* Begin PBXProject section */
		594A3596232AB33A001B0DBD /* Project object */ = {
			isa = PBXProject;
			attributes = {
				LastSwiftUpdateCheck = 1030;
				LastUpgradeCheck = 1030;
				ORGANIZATIONNAME = "Artem Zinkov";
				TargetAttributes = {
					594A359D232AB33A001B0DBD = {
						CreatedOnToolsVersion = 10.3;
					};
				};
			};
			buildConfigurationList = 594A3599232AB33A001B0DBD /* Build configuration list for PBXProject "Doit" */;
			compatibilityVersion = "Xcode 9.3";
			developmentRegion = en;
			hasScannedForEncodings = 0;
			knownRegions = (
				en,
				Base,
			);
			mainGroup = 594A3595232AB33A001B0DBD;
			productRefGroup = 594A359F232AB33B001B0DBD /* Products */;
			projectDirPath = "";
			projectRoot = "";
			targets = (
				594A359D232AB33A001B0DBD /* Doit */,
			);
		};
/* End PBXProject section */

/* Begin PBXResourcesBuildPhase section */
		594A359C232AB33A001B0DBD /* Resources */ = {
			isa = PBXResourcesBuildPhase;
			buildActionMask = 2147483647;
			files = (
				59C0A279232DA3D7009251AC /* DetailTask.storyboard in Resources */,
				594A35AC232AB33C001B0DBD /* LaunchScreen.storyboard in Resources */,
				594A35D3232AD1AC001B0DBD /* Authorization.storyboard in Resources */,
				594A35A9232AB33C001B0DBD /* Assets.xcassets in Resources */,
				594A35A7232AB33B001B0DBD /* TaskList.storyboard in Resources */,
			);
			runOnlyForDeploymentPostprocessing = 0;
		};
/* End PBXResourcesBuildPhase section */

/* Begin PBXShellScriptBuildPhase section */
		105D9045E141906E99E0E39F /* [CP] Embed Pods Frameworks */ = {
			isa = PBXShellScriptBuildPhase;
			buildActionMask = 2147483647;
			files = (
			);
			inputFileListPaths = (
				"${PODS_ROOT}/Target Support Files/Pods-Doit/Pods-Doit-frameworks-${CONFIGURATION}-input-files.xcfilelist",
			);
			name = "[CP] Embed Pods Frameworks";
			outputFileListPaths = (
				"${PODS_ROOT}/Target Support Files/Pods-Doit/Pods-Doit-frameworks-${CONFIGURATION}-output-files.xcfilelist",
			);
			runOnlyForDeploymentPostprocessing = 0;
			shellPath = /bin/sh;
			shellScript = "\"${PODS_ROOT}/Target Support Files/Pods-Doit/Pods-Doit-frameworks.sh\"\n";
			showEnvVarsInLog = 0;
		};
		E49E0F24D1A3C437F7A7A025 /* [CP] Check Pods Manifest.lock */ = {
			isa = PBXShellScriptBuildPhase;
			buildActionMask = 2147483647;
			files = (
			);
			inputFileListPaths = (
			);
			inputPaths = (
				"${PODS_PODFILE_DIR_PATH}/Podfile.lock",
				"${PODS_ROOT}/Manifest.lock",
			);
			name = "[CP] Check Pods Manifest.lock";
			outputFileListPaths = (
			);
			outputPaths = (
				"$(DERIVED_FILE_DIR)/Pods-Doit-checkManifestLockResult.txt",
			);
			runOnlyForDeploymentPostprocessing = 0;
			shellPath = /bin/sh;
			shellScript = "diff \"${PODS_PODFILE_DIR_PATH}/Podfile.lock\" \"${PODS_ROOT}/Manifest.lock\" > /dev/null\nif [ $? != 0 ] ; then\n    # print error to STDERR\n    echo \"error: The sandbox is not in sync with the Podfile.lock. Run 'pod install' or update your CocoaPods installation.\" >&2\n    exit 1\nfi\n# This output is used by Xcode 'outputs' to avoid re-running this script phase.\necho \"SUCCESS\" > \"${SCRIPT_OUTPUT_FILE_0}\"\n";
			showEnvVarsInLog = 0;
		};
/* End PBXShellScriptBuildPhase section */

/* Begin PBXSourcesBuildPhase section */
		594A359A232AB33A001B0DBD /* Sources */ = {
			isa = PBXSourcesBuildPhase;
			buildActionMask = 2147483647;
			files = (
				595992CC232D3CE70023F75D /* Router.swift in Sources */,
				594A35D1232AD185001B0DBD /* AuthorizationViewController.swift in Sources */,
				594A35BE232AB6F8001B0DBD /* APIManager.swift in Sources */,
				5992FFF1232D1A7400E807DE /* String.swift in Sources */,
				5907F7FA232D5DDA0085877A /* Credentials.swift in Sources */,
				594A35A2232AB33B001B0DBD /* AppDelegate.swift in Sources */,
				594A35C1232AB72E001B0DBD /* TaskModel.swift in Sources */,
				59CAECAB232DEEFE0083527B /* EditTaskViewController.swift in Sources */,
				594A35B5232AB419001B0DBD /* TaskListViewController.swift in Sources */,
				59C0A277232DA3B3009251AC /* DetailTaskViewController.swift in Sources */,
				595992CE232D42ED0023F75D /* Encodable.swift in Sources */,
				594A35BB232AB514001B0DBD /* TaskTableViewCell.swift in Sources */,
				594A35C8232AB8BE001B0DBD /* Collection.swift in Sources */,
				594A35CD232AC6D7001B0DBD /* TaskListModel.swift in Sources */,
			);
			runOnlyForDeploymentPostprocessing = 0;
		};
/* End PBXSourcesBuildPhase section */

/* Begin PBXVariantGroup section */
		594A35A5232AB33B001B0DBD /* TaskList.storyboard */ = {
			isa = PBXVariantGroup;
			children = (
				594A35A6232AB33B001B0DBD /* Base */,
			);
			name = TaskList.storyboard;
			sourceTree = "<group>";
		};
		594A35AA232AB33C001B0DBD /* LaunchScreen.storyboard */ = {
			isa = PBXVariantGroup;
			children = (
				594A35AB232AB33C001B0DBD /* Base */,
			);
			name = LaunchScreen.storyboard;
			sourceTree = "<group>";
		};
/* End PBXVariantGroup section */

/* Begin XCBuildConfiguration section */
		594A35AE232AB33C001B0DBD /* Debug */ = {
			isa = XCBuildConfiguration;
			buildSettings = {
				ALWAYS_SEARCH_USER_PATHS = NO;
				CLANG_ANALYZER_NONNULL = YES;
				CLANG_ANALYZER_NUMBER_OBJECT_CONVERSION = YES_AGGRESSIVE;
				CLANG_CXX_LANGUAGE_STANDARD = "gnu++14";
				CLANG_CXX_LIBRARY = "libc++";
				CLANG_ENABLE_MODULES = YES;
				CLANG_ENABLE_OBJC_ARC = YES;
				CLANG_ENABLE_OBJC_WEAK = YES;
				CLANG_WARN_BLOCK_CAPTURE_AUTORELEASING = YES;
				CLANG_WARN_BOOL_CONVERSION = YES;
				CLANG_WARN_COMMA = YES;
				CLANG_WARN_CONSTANT_CONVERSION = YES;
				CLANG_WARN_DEPRECATED_OBJC_IMPLEMENTATIONS = YES;
				CLANG_WARN_DIRECT_OBJC_ISA_USAGE = YES_ERROR;
				CLANG_WARN_DOCUMENTATION_COMMENTS = YES;
				CLANG_WARN_EMPTY_BODY = YES;
				CLANG_WARN_ENUM_CONVERSION = YES;
				CLANG_WARN_INFINITE_RECURSION = YES;
				CLANG_WARN_INT_CONVERSION = YES;
				CLANG_WARN_NON_LITERAL_NULL_CONVERSION = YES;
				CLANG_WARN_OBJC_IMPLICIT_RETAIN_SELF = YES;
				CLANG_WARN_OBJC_LITERAL_CONVERSION = YES;
				CLANG_WARN_OBJC_ROOT_CLASS = YES_ERROR;
				CLANG_WARN_RANGE_LOOP_ANALYSIS = YES;
				CLANG_WARN_STRICT_PROTOTYPES = YES;
				CLANG_WARN_SUSPICIOUS_MOVE = YES;
				CLANG_WARN_UNGUARDED_AVAILABILITY = YES_AGGRESSIVE;
				CLANG_WARN_UNREACHABLE_CODE = YES;
				CLANG_WARN__DUPLICATE_METHOD_MATCH = YES;
				CODE_SIGN_IDENTITY = "iPhone Developer";
				COPY_PHASE_STRIP = NO;
				DEBUG_INFORMATION_FORMAT = dwarf;
				ENABLE_STRICT_OBJC_MSGSEND = YES;
				ENABLE_TESTABILITY = YES;
				GCC_C_LANGUAGE_STANDARD = gnu11;
				GCC_DYNAMIC_NO_PIC = NO;
				GCC_NO_COMMON_BLOCKS = YES;
				GCC_OPTIMIZATION_LEVEL = 0;
				GCC_PREPROCESSOR_DEFINITIONS = (
					"DEBUG=1",
					"$(inherited)",
				);
				GCC_WARN_64_TO_32_BIT_CONVERSION = YES;
				GCC_WARN_ABOUT_RETURN_TYPE = YES_ERROR;
				GCC_WARN_UNDECLARED_SELECTOR = YES;
				GCC_WARN_UNINITIALIZED_AUTOS = YES_AGGRESSIVE;
				GCC_WARN_UNUSED_FUNCTION = YES;
				GCC_WARN_UNUSED_VARIABLE = YES;
				IPHONEOS_DEPLOYMENT_TARGET = 12.4;
				MTL_ENABLE_DEBUG_INFO = INCLUDE_SOURCE;
				MTL_FAST_MATH = YES;
				ONLY_ACTIVE_ARCH = YES;
				SDKROOT = iphoneos;
				SWIFT_ACTIVE_COMPILATION_CONDITIONS = DEBUG;
				SWIFT_OPTIMIZATION_LEVEL = "-Onone";
			};
			name = Debug;
		};
		594A35AF232AB33C001B0DBD /* Release */ = {
			isa = XCBuildConfiguration;
			buildSettings = {
				ALWAYS_SEARCH_USER_PATHS = NO;
				CLANG_ANALYZER_NONNULL = YES;
				CLANG_ANALYZER_NUMBER_OBJECT_CONVERSION = YES_AGGRESSIVE;
				CLANG_CXX_LANGUAGE_STANDARD = "gnu++14";
				CLANG_CXX_LIBRARY = "libc++";
				CLANG_ENABLE_MODULES = YES;
				CLANG_ENABLE_OBJC_ARC = YES;
				CLANG_ENABLE_OBJC_WEAK = YES;
				CLANG_WARN_BLOCK_CAPTURE_AUTORELEASING = YES;
				CLANG_WARN_BOOL_CONVERSION = YES;
				CLANG_WARN_COMMA = YES;
				CLANG_WARN_CONSTANT_CONVERSION = YES;
				CLANG_WARN_DEPRECATED_OBJC_IMPLEMENTATIONS = YES;
				CLANG_WARN_DIRECT_OBJC_ISA_USAGE = YES_ERROR;
				CLANG_WARN_DOCUMENTATION_COMMENTS = YES;
				CLANG_WARN_EMPTY_BODY = YES;
				CLANG_WARN_ENUM_CONVERSION = YES;
				CLANG_WARN_INFINITE_RECURSION = YES;
				CLANG_WARN_INT_CONVERSION = YES;
				CLANG_WARN_NON_LITERAL_NULL_CONVERSION = YES;
				CLANG_WARN_OBJC_IMPLICIT_RETAIN_SELF = YES;
				CLANG_WARN_OBJC_LITERAL_CONVERSION = YES;
				CLANG_WARN_OBJC_ROOT_CLASS = YES_ERROR;
				CLANG_WARN_RANGE_LOOP_ANALYSIS = YES;
				CLANG_WARN_STRICT_PROTOTYPES = YES;
				CLANG_WARN_SUSPICIOUS_MOVE = YES;
				CLANG_WARN_UNGUARDED_AVAILABILITY = YES_AGGRESSIVE;
				CLANG_WARN_UNREACHABLE_CODE = YES;
				CLANG_WARN__DUPLICATE_METHOD_MATCH = YES;
				CODE_SIGN_IDENTITY = "iPhone Developer";
				COPY_PHASE_STRIP = NO;
				DEBUG_INFORMATION_FORMAT = "dwarf-with-dsym";
				ENABLE_NS_ASSERTIONS = NO;
				ENABLE_STRICT_OBJC_MSGSEND = YES;
				GCC_C_LANGUAGE_STANDARD = gnu11;
				GCC_NO_COMMON_BLOCKS = YES;
				GCC_WARN_64_TO_32_BIT_CONVERSION = YES;
				GCC_WARN_ABOUT_RETURN_TYPE = YES_ERROR;
				GCC_WARN_UNDECLARED_SELECTOR = YES;
				GCC_WARN_UNINITIALIZED_AUTOS = YES_AGGRESSIVE;
				GCC_WARN_UNUSED_FUNCTION = YES;
				GCC_WARN_UNUSED_VARIABLE = YES;
				IPHONEOS_DEPLOYMENT_TARGET = 12.4;
				MTL_ENABLE_DEBUG_INFO = NO;
				MTL_FAST_MATH = YES;
				SDKROOT = iphoneos;
				SWIFT_COMPILATION_MODE = wholemodule;
				SWIFT_OPTIMIZATION_LEVEL = "-O";
				VALIDATE_PRODUCT = YES;
			};
			name = Release;
		};
		594A35B1232AB33C001B0DBD /* Debug */ = {
			isa = XCBuildConfiguration;
			baseConfigurationReference = 916CA7672281B0BD3B3BDBF2 /* Pods-Doit.debug.xcconfig */;
			buildSettings = {
				ASSETCATALOG_COMPILER_APPICON_NAME = AppIcon;
				CODE_SIGN_STYLE = Automatic;
				DEVELOPMENT_TEAM = JE5R4U2ZLM;
				INFOPLIST_FILE = "$(SRCROOT)/Doit/Supporting Files/Info.plist";
				IPHONEOS_DEPLOYMENT_TARGET = 10.3;
				LD_RUNPATH_SEARCH_PATHS = (
					"$(inherited)",
					"@executable_path/Frameworks",
				);
				PRODUCT_BUNDLE_IDENTIFIER = com.ArtemZinkov.Doit;
				PRODUCT_NAME = "$(TARGET_NAME)";
				SWIFT_VERSION = 5.0;
				TARGETED_DEVICE_FAMILY = 1;
			};
			name = Debug;
		};
		594A35B2232AB33C001B0DBD /* Release */ = {
			isa = XCBuildConfiguration;
			baseConfigurationReference = 23F4CC3A892F55A83830EBCE /* Pods-Doit.release.xcconfig */;
			buildSettings = {
				ASSETCATALOG_COMPILER_APPICON_NAME = AppIcon;
				CODE_SIGN_STYLE = Automatic;
				DEVELOPMENT_TEAM = JE5R4U2ZLM;
				INFOPLIST_FILE = "$(SRCROOT)/Doit/Supporting Files/Info.plist";
				IPHONEOS_DEPLOYMENT_TARGET = 10.3;
				LD_RUNPATH_SEARCH_PATHS = (
					"$(inherited)",
					"@executable_path/Frameworks",
				);
				PRODUCT_BUNDLE_IDENTIFIER = com.ArtemZinkov.Doit;
				PRODUCT_NAME = "$(TARGET_NAME)";
				SWIFT_VERSION = 5.0;
				TARGETED_DEVICE_FAMILY = 1;
			};
			name = Release;
		};
/* End XCBuildConfiguration section */

/* Begin XCConfigurationList section */
		594A3599232AB33A001B0DBD /* Build configuration list for PBXProject "Doit" */ = {
			isa = XCConfigurationList;
			buildConfigurations = (
				594A35AE232AB33C001B0DBD /* Debug */,
				594A35AF232AB33C001B0DBD /* Release */,
			);
			defaultConfigurationIsVisible = 0;
			defaultConfigurationName = Release;
		};
		594A35B0232AB33C001B0DBD /* Build configuration list for PBXNativeTarget "Doit" */ = {
			isa = XCConfigurationList;
			buildConfigurations = (
				594A35B1232AB33C001B0DBD /* Debug */,
				594A35B2232AB33C001B0DBD /* Release */,
			);
			defaultConfigurationIsVisible = 0;
			defaultConfigurationName = Release;
		};
/* End XCConfigurationList section */
	};
	rootObject = 594A3596232AB33A001B0DBD /* Project object */;
}
